
Microsoft Visual Studio Solution File, Format Version 12.00
# Visual Studio Version 17
VisualStudioVersion = 17.3.32929.385
MinimumVisualStudioVersion = 10.0.40219.1
Project("{FAE04EC0-301F-11D3-BF4B-00C04F79EFBC}") = "Library1.1", "Library1.1.csproj", "{1483BCE8-6262-45F7-A85D-DB36810DCCB2}"
EndProject
Global
	GlobalSection(SolutionConfigurationPlatforms) = preSolution
		Debug|Any CPU = Debug|Any CPU
		Release|Any CPU = Release|Any CPU
	EndGlobalSection
	GlobalSection(ProjectConfigurationPlatforms) = postSolution
		{1483BCE8-6262-45F7-A85D-DB36810DCCB2}.Debug|Any CPU.ActiveCfg = Debug|Any CPU
		{1483BCE8-6262-45F7-A85D-DB36810DCCB2}.Debug|Any CPU.Build.0 = Debug|Any CPU
		{1483BCE8-6262-45F7-A85D-DB36810DCCB2}.Release|Any CPU.ActiveCfg = Release|Any CPU
		{1483BCE8-6262-45F7-A85D-DB36810DCCB2}.Release|Any CPU.Build.0 = Release|Any CPU
	EndGlobalSection
	GlobalSection(SolutionProperties) = preSolution
		HideSolutionNode = FALSE
	EndGlobalSection
	GlobalSection(ExtensibilityGlobals) = postSolution
		SolutionGuid = {F675CE64-FEAE-47CD-B1CD-63A516758390}
	EndGlobalSection
EndGlobal
